# generated by rye
# use `rye lock` or `rye sync` to update this lockfile
#
# last locked with the following flags:
#   pre: false
#   features: []
#   all-features: false
#   with-sources: false

-e file:.
bcrypt==4.2.1
    # via paramiko
cffi==1.17.1
    # via cryptography
    # via pynacl
cryptography==44.0.0
    # via paramiko
flexcache==0.3
    # via pint
flexparser==0.4
    # via pint
iniconfig==2.0.0
    # via pytest
numpy==2.2.1
    # via opencv-python
    # via photonlibpy
    # via robotpy-pathplannerlib
opencv-python==4.10.0.84
    # via photonlibpy
packaging==23.2
    # via pytest
    # via robotpy-installer
paramiko==3.5.0
    # via robotpy-installer
photonlibpy==2025.0.0b8
    # via frc2025
pint==0.24.4
    # via frc2025
    # via pyfrc
platformdirs==4.3.6
    # via pint
pluggy==1.5.0
    # via pytest
pycparser==2.22
    # via cffi
pyfrc==2025.0.0
    # via robotpy
pynacl==1.5.0
    # via paramiko
pynetconsole==2.0.4
    # via robotpy-installer
pyntcore==2025.1.1.0
    # via photonlibpy
    # via robotpy
    # via robotpy-cscore
    # via robotpy-halsim-gui
    # via robotpy-pathplannerlib
    # via wpilib
pytest==8.3.4
    # via pyfrc
    # via pytest-reraise
pytest-reraise==2.1.2
    # via pyfrc
robotpy==2025.1.1.1
    # via frc2025
robotpy-apriltag==2025.1.1.0
    # via photonlibpy
robotpy-cli==2024.0.0
    # via pyfrc
    # via robotpy
    # via robotpy-installer
    # via wpilib
robotpy-commands-v2==2025.1.1
    # via robotpy
    # via robotpy-pathplannerlib
robotpy-cscore==2025.1.1.0
    # via photonlibpy
robotpy-hal==2025.1.1.0
    # via robotpy
    # via robotpy-halsim-gui
    # via robotpy-pathplannerlib
    # via wpilib
robotpy-halsim-gui==2025.1.1.0
    # via robotpy
robotpy-installer==2025.0.0
    # via robotpy
robotpy-navx==2025.0.0
    # via robotpy
robotpy-pathplannerlib==2025.1.1
    # via robotpy
robotpy-rev==2025.0.0
    # via robotpy
robotpy-wpilib-utilities==2025.0.0
    # via robotpy
robotpy-wpimath==2025.1.1.0
    # via photonlibpy
    # via robotpy
    # via robotpy-apriltag
    # via robotpy-halsim-gui
    # via robotpy-pathplannerlib
    # via wpilib
robotpy-wpinet==2025.1.1.0
    # via pyntcore
    # via robotpy
    # via robotpy-cscore
robotpy-wpiutil==2025.1.1.0
    # via pyntcore
    # via robotpy
    # via robotpy-apriltag
    # via robotpy-cscore
    # via robotpy-hal
    # via robotpy-halsim-gui
    # via robotpy-pathplannerlib
    # via robotpy-wpimath
    # via robotpy-wpinet
    # via wpilib
tomli==2.2.1
    # via robotpy-installer
tomlkit==0.13.2
    # via robotpy-installer
typing-extensions==4.12.2
    # via flexcache
    # via flexparser
    # via pint
    # via robotpy-commands-v2
wpilib==2025.1.1.0
    # via photonlibpy
    # via pyfrc
    # via robotpy
    # via robotpy-commands-v2
    # via robotpy-navx
    # via robotpy-rev
    # via robotpy-wpilib-utilities
